
Microsoft Visual Studio Solution File, Format Version 12.00
# Visual Studio Version 17
VisualStudioVersion = 17.9.34902.65
MinimumVisualStudioVersion = 10.0.40219.1
Project("{FAE04EC0-301F-11D3-BF4B-00C04F79EFBC}") = "EFCoreAcademy", "EFEssam\EFCoreAcademy.csproj", "{21115C24-3AEB-483C-8AE2-D35C8AEB4ABF}"
EndProject
Global
	GlobalSection(SolutionConfigurationPlatforms) = preSolution
		Debug|Any CPU = Debug|Any CPU
		Release|Any CPU = Release|Any CPU
	EndGlobalSection
	GlobalSection(ProjectConfigurationPlatforms) = postSolution
		{21115C24-3AEB-483C-8AE2-D35C8AEB4ABF}.Debug|Any CPU.ActiveCfg = Debug|Any CPU
		{21115C24-3AEB-483C-8AE2-D35C8AEB4ABF}.Debug|Any CPU.Build.0 = Debug|Any CPU
		{21115C24-3AEB-483C-8AE2-D35C8AEB4ABF}.Release|Any CPU.ActiveCfg = Release|Any CPU
		{21115C24-3AEB-483C-8AE2-D35C8AEB4ABF}.Release|Any CPU.Build.0 = Release|Any CPU
	EndGlobalSection
	GlobalSection(SolutionProperties) = preSolution
		HideSolutionNode = FALSE
	EndGlobalSection
	GlobalSection(ExtensibilityGlobals) = postSolution
		SolutionGuid = {E59C8274-91CA-4431-8533-58CF17DFBE64}
	EndGlobalSection
EndGlobal
